
Microsoft Visual Studio Solution File, Format Version 12.00
# Visual Studio Version 17
VisualStudioVersion = 17.5.33530.505
MinimumVisualStudioVersion = 10.0.40219.1
Project("{FAE04EC0-301F-11D3-BF4B-00C04F79EFBC}") = "UnoApp.UITests1", "UnoApp.UITests1\UnoApp.UITests1.csproj", "{D544BD4F-75D8-4588-8801-DEFEA51C775E}"
EndProject
Project("{FAE04EC0-301F-11D3-BF4B-00C04F79EFBC}") = "UnoApp.UITests1.Wasm", "UnoApp.UITests1\UnoApp.UITests1.Wasm.csproj", "{84215D27-E592-4B49-A8DA-D4AD8C597DC6}"
EndProject
Project("{FAE04EC0-301F-11D3-BF4B-00C04F79EFBC}") = "UnoApp.UITests1.Skia", "UnoApp.UITests1\UnoApp.UITests1.Skia.csproj", "{2AD3E4E9-3CEB-418E-8830-1E469A97A0A3}"
EndProject
Global
	GlobalSection(SolutionConfigurationPlatforms) = preSolution
		Debug|Any CPU = Debug|Any CPU
		Release|Any CPU = Release|Any CPU
	EndGlobalSection
	GlobalSection(ProjectConfigurationPlatforms) = postSolution
		{D544BD4F-75D8-4588-8801-DEFEA51C775E}.Debug|Any CPU.ActiveCfg = Debug|Any CPU
		{D544BD4F-75D8-4588-8801-DEFEA51C775E}.Debug|Any CPU.Build.0 = Debug|Any CPU
		{D544BD4F-75D8-4588-8801-DEFEA51C775E}.Release|Any CPU.ActiveCfg = Release|Any CPU
		{D544BD4F-75D8-4588-8801-DEFEA51C775E}.Release|Any CPU.Build.0 = Release|Any CPU
		{84215D27-E592-4B49-A8DA-D4AD8C597DC6}.Debug|Any CPU.ActiveCfg = Debug|Any CPU
		{84215D27-E592-4B49-A8DA-D4AD8C597DC6}.Debug|Any CPU.Build.0 = Debug|Any CPU
		{84215D27-E592-4B49-A8DA-D4AD8C597DC6}.Release|Any CPU.ActiveCfg = Release|Any CPU
		{84215D27-E592-4B49-A8DA-D4AD8C597DC6}.Release|Any CPU.Build.0 = Release|Any CPU
		{2AD3E4E9-3CEB-418E-8830-1E469A97A0A3}.Debug|Any CPU.ActiveCfg = Debug|Any CPU
		{2AD3E4E9-3CEB-418E-8830-1E469A97A0A3}.Debug|Any CPU.Build.0 = Debug|Any CPU
		{2AD3E4E9-3CEB-418E-8830-1E469A97A0A3}.Release|Any CPU.ActiveCfg = Release|Any CPU
		{2AD3E4E9-3CEB-418E-8830-1E469A97A0A3}.Release|Any CPU.Build.0 = Release|Any CPU
	EndGlobalSection
	GlobalSection(SolutionProperties) = preSolution
		HideSolutionNode = FALSE
	EndGlobalSection
	GlobalSection(ExtensibilityGlobals) = postSolution
		SolutionGuid = {108FDB47-FD09-49A7-BE43-A5A118D407A5}
	EndGlobalSection
EndGlobal
