
Microsoft Visual Studio Solution File, Format Version 12.00
# Visual Studio Version 17
VisualStudioVersion = 17.7.34031.279
MinimumVisualStudioVersion = 10.0.40219.1
Project("{9A19103F-16F7-4668-BE54-9A1E7A4F7556}") = "Utb.PizzaKiosk.Models", "Utb.PizzaKiosk.Models\Utb.PizzaKiosk.Models.csproj", "{0F554949-0415-4EBE-97E9-0E49D83DADEF}"
EndProject
Project("{9A19103F-16F7-4668-BE54-9A1E7A4F7556}") = "Utb.PizzaKiosk.Tests", "Utb.PizzaKiosk.Tests\Utb.PizzaKiosk.Tests.csproj", "{CEDE8EF7-5842-45F7-8764-E50476E31546}"
EndProject
Project("{FAE04EC0-301F-11D3-BF4B-00C04F79EFBC}") = "Utb.PizzaKiosk.WebApi", "Utb.PizzaKiosk.WebApi\Utb.PizzaKiosk.WebApi.csproj", "{BE3FB944-30AF-42BD-9F09-AE94DC7872C3}"
EndProject
Global
	GlobalSection(SolutionConfigurationPlatforms) = preSolution
		Debug|Any CPU = Debug|Any CPU
		Release|Any CPU = Release|Any CPU
	EndGlobalSection
	GlobalSection(ProjectConfigurationPlatforms) = postSolution
		{0F554949-0415-4EBE-97E9-0E49D83DADEF}.Debug|Any CPU.ActiveCfg = Debug|Any CPU
		{0F554949-0415-4EBE-97E9-0E49D83DADEF}.Debug|Any CPU.Build.0 = Debug|Any CPU
		{0F554949-0415-4EBE-97E9-0E49D83DADEF}.Release|Any CPU.ActiveCfg = Release|Any CPU
		{0F554949-0415-4EBE-97E9-0E49D83DADEF}.Release|Any CPU.Build.0 = Release|Any CPU
		{CEDE8EF7-5842-45F7-8764-E50476E31546}.Debug|Any CPU.ActiveCfg = Debug|Any CPU
		{CEDE8EF7-5842-45F7-8764-E50476E31546}.Debug|Any CPU.Build.0 = Debug|Any CPU
		{CEDE8EF7-5842-45F7-8764-E50476E31546}.Release|Any CPU.ActiveCfg = Release|Any CPU
		{CEDE8EF7-5842-45F7-8764-E50476E31546}.Release|Any CPU.Build.0 = Release|Any CPU
		{BE3FB944-30AF-42BD-9F09-AE94DC7872C3}.Debug|Any CPU.ActiveCfg = Debug|Any CPU
		{BE3FB944-30AF-42BD-9F09-AE94DC7872C3}.Debug|Any CPU.Build.0 = Debug|Any CPU
		{BE3FB944-30AF-42BD-9F09-AE94DC7872C3}.Release|Any CPU.ActiveCfg = Release|Any CPU
		{BE3FB944-30AF-42BD-9F09-AE94DC7872C3}.Release|Any CPU.Build.0 = Release|Any CPU
	EndGlobalSection
	GlobalSection(SolutionProperties) = preSolution
		HideSolutionNode = FALSE
	EndGlobalSection
	GlobalSection(ExtensibilityGlobals) = postSolution
		SolutionGuid = {92283E06-FF51-496B-8E77-CA803063BADB}
	EndGlobalSection
EndGlobal
