
Microsoft Visual Studio Solution File, Format Version 12.00
# Visual Studio Version 17
VisualStudioVersion = 17.7.34031.279
MinimumVisualStudioVersion = 10.0.40219.1
Project("{FAE04EC0-301F-11D3-BF4B-00C04F79EFBC}") = "MojePrvniAplikace", "MojePrvniAplikace\MojePrvniAplikace.csproj", "{A1EEC96E-03F3-4571-9272-9378497AF502}"
EndProject
Global
	GlobalSection(SolutionConfigurationPlatforms) = preSolution
		Debug|Any CPU = Debug|Any CPU
		Release|Any CPU = Release|Any CPU
	EndGlobalSection
	GlobalSection(ProjectConfigurationPlatforms) = postSolution
		{A1EEC96E-03F3-4571-9272-9378497AF502}.Debug|Any CPU.ActiveCfg = Debug|Any CPU
		{A1EEC96E-03F3-4571-9272-9378497AF502}.Debug|Any CPU.Build.0 = Debug|Any CPU
		{A1EEC96E-03F3-4571-9272-9378497AF502}.Release|Any CPU.ActiveCfg = Release|Any CPU
		{A1EEC96E-03F3-4571-9272-9378497AF502}.Release|Any CPU.Build.0 = Release|Any CPU
	EndGlobalSection
	GlobalSection(SolutionProperties) = preSolution
		HideSolutionNode = FALSE
	EndGlobalSection
	GlobalSection(ExtensibilityGlobals) = postSolution
		SolutionGuid = {405345D4-6AB5-4D63-AF96-9B78F971C316}
	EndGlobalSection
EndGlobal
