
Microsoft Visual Studio Solution File, Format Version 12.00
# Visual Studio Version 17
VisualStudioVersion = 17.7.34221.43
MinimumVisualStudioVersion = 10.0.40219.1
Project("{FAE04EC0-301F-11D3-BF4B-00C04F79EFBC}") = "PujcovnaAutomobilu.Models", "PujcovnaAutomobilu.Models\PujcovnaAutomobilu.Models.csproj", "{514CD75E-0312-46C6-8581-9B3DF9DB9378}"
EndProject
Project("{FAE04EC0-301F-11D3-BF4B-00C04F79EFBC}") = "PujcovnaAutomobilu.DataSeeder", "PujcovnaAutomobilu.DataSeeder\PujcovnaAutomobilu.DataSeeder.csproj", "{81C59998-A8D8-4260-9785-7DE3B03FADF5}"
EndProject
Global
	GlobalSection(SolutionConfigurationPlatforms) = preSolution
		Debug|Any CPU = Debug|Any CPU
		Release|Any CPU = Release|Any CPU
	EndGlobalSection
	GlobalSection(ProjectConfigurationPlatforms) = postSolution
		{514CD75E-0312-46C6-8581-9B3DF9DB9378}.Debug|Any CPU.ActiveCfg = Debug|Any CPU
		{514CD75E-0312-46C6-8581-9B3DF9DB9378}.Debug|Any CPU.Build.0 = Debug|Any CPU
		{514CD75E-0312-46C6-8581-9B3DF9DB9378}.Release|Any CPU.ActiveCfg = Release|Any CPU
		{514CD75E-0312-46C6-8581-9B3DF9DB9378}.Release|Any CPU.Build.0 = Release|Any CPU
		{81C59998-A8D8-4260-9785-7DE3B03FADF5}.Debug|Any CPU.ActiveCfg = Debug|Any CPU
		{81C59998-A8D8-4260-9785-7DE3B03FADF5}.Debug|Any CPU.Build.0 = Debug|Any CPU
		{81C59998-A8D8-4260-9785-7DE3B03FADF5}.Release|Any CPU.ActiveCfg = Release|Any CPU
		{81C59998-A8D8-4260-9785-7DE3B03FADF5}.Release|Any CPU.Build.0 = Release|Any CPU
	EndGlobalSection
	GlobalSection(SolutionProperties) = preSolution
		HideSolutionNode = FALSE
	EndGlobalSection
	GlobalSection(ExtensibilityGlobals) = postSolution
		SolutionGuid = {8C21F68B-36C2-4A89-BD81-6638308B4480}
	EndGlobalSection
EndGlobal
