
Microsoft Visual Studio Solution File, Format Version 12.00
# Visual Studio Version 17
VisualStudioVersion = 17.12.35527.113 d17.12
MinimumVisualStudioVersion = 10.0.40219.1
Project("{FAE04EC0-301F-11D3-BF4B-00C04F79EFBC}") = "BlazorApp1", "BlazorApp1\BlazorApp1.csproj", "{AFB23B4A-6694-4E98-BCB8-8F5A024A3207}"
EndProject
Global
	GlobalSection(SolutionConfigurationPlatforms) = preSolution
		Debug|Any CPU = Debug|Any CPU
		Release|Any CPU = Release|Any CPU
	EndGlobalSection
	GlobalSection(ProjectConfigurationPlatforms) = postSolution
		{AFB23B4A-6694-4E98-BCB8-8F5A024A3207}.Debug|Any CPU.ActiveCfg = Debug|Any CPU
		{AFB23B4A-6694-4E98-BCB8-8F5A024A3207}.Debug|Any CPU.Build.0 = Debug|Any CPU
		{AFB23B4A-6694-4E98-BCB8-8F5A024A3207}.Release|Any CPU.ActiveCfg = Release|Any CPU
		{AFB23B4A-6694-4E98-BCB8-8F5A024A3207}.Release|Any CPU.Build.0 = Release|Any CPU
	EndGlobalSection
	GlobalSection(SolutionProperties) = preSolution
		HideSolutionNode = FALSE
	EndGlobalSection
EndGlobal
