
Microsoft Visual Studio Solution File, Format Version 12.00
# Visual Studio Version 17
VisualStudioVersion = 17.13.35825.156 d17.13
MinimumVisualStudioVersion = 10.0.40219.1
Project("{FAE04EC0-301F-11D3-BF4B-00C04F79EFBC}") = "BlazorApp1", "BlazorApp1\BlazorApp1.csproj", "{0FC06CE0-86E2-4834-BC6F-A5FB15A963C9}"
EndProject
Global
	GlobalSection(SolutionConfigurationPlatforms) = preSolution
		Debug|Any CPU = Debug|Any CPU
		Release|Any CPU = Release|Any CPU
	EndGlobalSection
	GlobalSection(ProjectConfigurationPlatforms) = postSolution
		{0FC06CE0-86E2-4834-BC6F-A5FB15A963C9}.Debug|Any CPU.ActiveCfg = Debug|Any CPU
		{0FC06CE0-86E2-4834-BC6F-A5FB15A963C9}.Debug|Any CPU.Build.0 = Debug|Any CPU
		{0FC06CE0-86E2-4834-BC6F-A5FB15A963C9}.Release|Any CPU.ActiveCfg = Release|Any CPU
		{0FC06CE0-86E2-4834-BC6F-A5FB15A963C9}.Release|Any CPU.Build.0 = Release|Any CPU
	EndGlobalSection
	GlobalSection(SolutionProperties) = preSolution
		HideSolutionNode = FALSE
	EndGlobalSection
	GlobalSection(ExtensibilityGlobals) = postSolution
		SolutionGuid = {E048DE4A-8BA5-44CE-9257-4FBFE601659B}
	EndGlobalSection
EndGlobal
