
Microsoft Visual Studio Solution File, Format Version 12.00
# Visual Studio Version 17
VisualStudioVersion = 17.7.34031.279
MinimumVisualStudioVersion = 10.0.40219.1
Project("{FAE04EC0-301F-11D3-BF4B-00C04F79EFBC}") = "Utb.Studenti.Models", "Utb.Studenti.Models\Utb.Studenti.Models.csproj", "{62D2FFF5-BAC7-4258-AAE8-C84A7237A875}"
EndProject
Project("{FAE04EC0-301F-11D3-BF4B-00C04F79EFBC}") = "Utb.Studenti.Tests", "Utb.Studenti.Tests\Utb.Studenti.Tests.csproj", "{4B75255E-5763-493F-97F3-2AADBE019B81}"
EndProject
Global
	GlobalSection(SolutionConfigurationPlatforms) = preSolution
		Debug|Any CPU = Debug|Any CPU
		Release|Any CPU = Release|Any CPU
	EndGlobalSection
	GlobalSection(ProjectConfigurationPlatforms) = postSolution
		{62D2FFF5-BAC7-4258-AAE8-C84A7237A875}.Debug|Any CPU.ActiveCfg = Debug|Any CPU
		{62D2FFF5-BAC7-4258-AAE8-C84A7237A875}.Debug|Any CPU.Build.0 = Debug|Any CPU
		{62D2FFF5-BAC7-4258-AAE8-C84A7237A875}.Release|Any CPU.ActiveCfg = Release|Any CPU
		{62D2FFF5-BAC7-4258-AAE8-C84A7237A875}.Release|Any CPU.Build.0 = Release|Any CPU
		{4B75255E-5763-493F-97F3-2AADBE019B81}.Debug|Any CPU.ActiveCfg = Debug|Any CPU
		{4B75255E-5763-493F-97F3-2AADBE019B81}.Debug|Any CPU.Build.0 = Debug|Any CPU
		{4B75255E-5763-493F-97F3-2AADBE019B81}.Release|Any CPU.ActiveCfg = Release|Any CPU
		{4B75255E-5763-493F-97F3-2AADBE019B81}.Release|Any CPU.Build.0 = Release|Any CPU
	EndGlobalSection
	GlobalSection(SolutionProperties) = preSolution
		HideSolutionNode = FALSE
	EndGlobalSection
	GlobalSection(ExtensibilityGlobals) = postSolution
		SolutionGuid = {82FC0BB7-2DBE-4244-89DD-E62C3C456BE7}
	EndGlobalSection
EndGlobal
