
Microsoft Visual Studio Solution File, Format Version 12.00
# Visual Studio Version 17
VisualStudioVersion = 17.13.35825.156 d17.13
MinimumVisualStudioVersion = 10.0.40219.1
Project("{FAE04EC0-301F-11D3-BF4B-00C04F79EFBC}") = "BlazorAppStaticSSR", "BlazorAppStaticSSR\BlazorAppStaticSSR.csproj", "{235680DA-4BC5-4CB8-A4B7-3341BF2D7939}"
EndProject
Global
	GlobalSection(SolutionConfigurationPlatforms) = preSolution
		Debug|Any CPU = Debug|Any CPU
		Release|Any CPU = Release|Any CPU
	EndGlobalSection
	GlobalSection(ProjectConfigurationPlatforms) = postSolution
		{235680DA-4BC5-4CB8-A4B7-3341BF2D7939}.Debug|Any CPU.ActiveCfg = Debug|Any CPU
		{235680DA-4BC5-4CB8-A4B7-3341BF2D7939}.Debug|Any CPU.Build.0 = Debug|Any CPU
		{235680DA-4BC5-4CB8-A4B7-3341BF2D7939}.Release|Any CPU.ActiveCfg = Release|Any CPU
		{235680DA-4BC5-4CB8-A4B7-3341BF2D7939}.Release|Any CPU.Build.0 = Release|Any CPU
	EndGlobalSection
	GlobalSection(SolutionProperties) = preSolution
		HideSolutionNode = FALSE
	EndGlobalSection
	GlobalSection(ExtensibilityGlobals) = postSolution
		SolutionGuid = {F6061527-234A-41C3-9FC6-52D04FF35325}
	EndGlobalSection
EndGlobal
