
Microsoft Visual Studio Solution File, Format Version 12.00
# Visual Studio Version 17
VisualStudioVersion = 17.14.36414.22 d17.14
MinimumVisualStudioVersion = 10.0.40219.1
Project("{FAE04EC0-301F-11D3-BF4B-00C04F79EFBC}") = "BlazorAppBattle", "BlazorAppBattle\BlazorAppBattle.csproj", "{C744FFBF-BD5F-44DD-B337-580921E858AD}"
EndProject
Global
	GlobalSection(SolutionConfigurationPlatforms) = preSolution
		Debug|Any CPU = Debug|Any CPU
		Release|Any CPU = Release|Any CPU
	EndGlobalSection
	GlobalSection(ProjectConfigurationPlatforms) = postSolution
		{C744FFBF-BD5F-44DD-B337-580921E858AD}.Debug|Any CPU.ActiveCfg = Debug|Any CPU
		{C744FFBF-BD5F-44DD-B337-580921E858AD}.Debug|Any CPU.Build.0 = Debug|Any CPU
		{C744FFBF-BD5F-44DD-B337-580921E858AD}.Release|Any CPU.ActiveCfg = Release|Any CPU
		{C744FFBF-BD5F-44DD-B337-580921E858AD}.Release|Any CPU.Build.0 = Release|Any CPU
	EndGlobalSection
	GlobalSection(SolutionProperties) = preSolution
		HideSolutionNode = FALSE
	EndGlobalSection
	GlobalSection(ExtensibilityGlobals) = postSolution
		SolutionGuid = {88589CF4-92DF-45E3-A382-9401008B1AE8}
	EndGlobalSection
EndGlobal
