
Microsoft Visual Studio Solution File, Format Version 12.00
# Visual Studio Version 17
VisualStudioVersion = 17.7.34221.43
MinimumVisualStudioVersion = 10.0.40219.1
Project("{FAE04EC0-301F-11D3-BF4B-00C04F79EFBC}") = "ConsoleApp1", "ConsoleApp1\ConsoleApp1.csproj", "{FFEDFB2B-600C-4B1D-AD4E-04663FDB64C8}"
EndProject
Global
	GlobalSection(SolutionConfigurationPlatforms) = preSolution
		Debug|Any CPU = Debug|Any CPU
		Release|Any CPU = Release|Any CPU
	EndGlobalSection
	GlobalSection(ProjectConfigurationPlatforms) = postSolution
		{FFEDFB2B-600C-4B1D-AD4E-04663FDB64C8}.Debug|Any CPU.ActiveCfg = Debug|Any CPU
		{FFEDFB2B-600C-4B1D-AD4E-04663FDB64C8}.Debug|Any CPU.Build.0 = Debug|Any CPU
		{FFEDFB2B-600C-4B1D-AD4E-04663FDB64C8}.Release|Any CPU.ActiveCfg = Release|Any CPU
		{FFEDFB2B-600C-4B1D-AD4E-04663FDB64C8}.Release|Any CPU.Build.0 = Release|Any CPU
	EndGlobalSection
	GlobalSection(SolutionProperties) = preSolution
		HideSolutionNode = FALSE
	EndGlobalSection
	GlobalSection(ExtensibilityGlobals) = postSolution
		SolutionGuid = {D94F3DCD-FBBA-42E9-9289-67D0C3667E04}
	EndGlobalSection
EndGlobal
