
Microsoft Visual Studio Solution File, Format Version 12.00
# Visual Studio Version 17
VisualStudioVersion = 17.5.33530.505
MinimumVisualStudioVersion = 10.0.40219.1
Project("{FAE04EC0-301F-11D3-BF4B-00C04F79EFBC}") = "TodoApi", "TodoApi.csproj", "{06662C1E-FA46-4BB2-A386-F7252814C438}"
EndProject
Global
	GlobalSection(SolutionConfigurationPlatforms) = preSolution
		Debug|Any CPU = Debug|Any CPU
		Release|Any CPU = Release|Any CPU
	EndGlobalSection
	GlobalSection(ProjectConfigurationPlatforms) = postSolution
		{06662C1E-FA46-4BB2-A386-F7252814C438}.Debug|Any CPU.ActiveCfg = Debug|Any CPU
		{06662C1E-FA46-4BB2-A386-F7252814C438}.Debug|Any CPU.Build.0 = Debug|Any CPU
		{06662C1E-FA46-4BB2-A386-F7252814C438}.Release|Any CPU.ActiveCfg = Release|Any CPU
		{06662C1E-FA46-4BB2-A386-F7252814C438}.Release|Any CPU.Build.0 = Release|Any CPU
	EndGlobalSection
	GlobalSection(SolutionProperties) = preSolution
		HideSolutionNode = FALSE
	EndGlobalSection
	GlobalSection(ExtensibilityGlobals) = postSolution
		SolutionGuid = {BF64A532-0965-450B-B8AE-9AB93F2A06EE}
	EndGlobalSection
EndGlobal
