
Microsoft Visual Studio Solution File, Format Version 12.00
# Visual Studio Version 17
VisualStudioVersion = 17.7.34221.43
MinimumVisualStudioVersion = 10.0.40219.1
Project("{FAE04EC0-301F-11D3-BF4B-00C04F79EFBC}") = "BlazorApp1.Server", "BlazorApp1\Server\BlazorApp1.Server.csproj", "{AC021BC1-B8E2-40B0-910F-89DC152F1D0C}"
EndProject
Project("{FAE04EC0-301F-11D3-BF4B-00C04F79EFBC}") = "BlazorApp1.Client", "BlazorApp1\Client\BlazorApp1.Client.csproj", "{8183DBB0-8B5D-4830-8428-156D5CFF5032}"
EndProject
Project("{FAE04EC0-301F-11D3-BF4B-00C04F79EFBC}") = "BlazorApp1.Shared", "BlazorApp1\Shared\BlazorApp1.Shared.csproj", "{2D0F1D49-C6EE-4687-864E-7C70A62AC877}"
EndProject
Global
	GlobalSection(SolutionConfigurationPlatforms) = preSolution
		Debug|Any CPU = Debug|Any CPU
		Release|Any CPU = Release|Any CPU
	EndGlobalSection
	GlobalSection(ProjectConfigurationPlatforms) = postSolution
		{AC021BC1-B8E2-40B0-910F-89DC152F1D0C}.Debug|Any CPU.ActiveCfg = Debug|Any CPU
		{AC021BC1-B8E2-40B0-910F-89DC152F1D0C}.Debug|Any CPU.Build.0 = Debug|Any CPU
		{AC021BC1-B8E2-40B0-910F-89DC152F1D0C}.Release|Any CPU.ActiveCfg = Release|Any CPU
		{AC021BC1-B8E2-40B0-910F-89DC152F1D0C}.Release|Any CPU.Build.0 = Release|Any CPU
		{8183DBB0-8B5D-4830-8428-156D5CFF5032}.Debug|Any CPU.ActiveCfg = Debug|Any CPU
		{8183DBB0-8B5D-4830-8428-156D5CFF5032}.Debug|Any CPU.Build.0 = Debug|Any CPU
		{8183DBB0-8B5D-4830-8428-156D5CFF5032}.Release|Any CPU.ActiveCfg = Release|Any CPU
		{8183DBB0-8B5D-4830-8428-156D5CFF5032}.Release|Any CPU.Build.0 = Release|Any CPU
		{2D0F1D49-C6EE-4687-864E-7C70A62AC877}.Debug|Any CPU.ActiveCfg = Debug|Any CPU
		{2D0F1D49-C6EE-4687-864E-7C70A62AC877}.Debug|Any CPU.Build.0 = Debug|Any CPU
		{2D0F1D49-C6EE-4687-864E-7C70A62AC877}.Release|Any CPU.ActiveCfg = Release|Any CPU
		{2D0F1D49-C6EE-4687-864E-7C70A62AC877}.Release|Any CPU.Build.0 = Release|Any CPU
	EndGlobalSection
	GlobalSection(SolutionProperties) = preSolution
		HideSolutionNode = FALSE
	EndGlobalSection
	GlobalSection(ExtensibilityGlobals) = postSolution
		SolutionGuid = {D7063D0E-A1B1-4793-9AAB-364BA6A1CD79}
	EndGlobalSection
EndGlobal
