
Microsoft Visual Studio Solution File, Format Version 12.00
# Visual Studio Version 17
VisualStudioVersion = 17.14.36429.23 d17.14
MinimumVisualStudioVersion = 10.0.40219.1
Project("{FAE04EC0-301F-11D3-BF4B-00C04F79EFBC}") = "ConsoleAppRag", "ConsoleAppRag\ConsoleAppRag.csproj", "{8FEF4BDE-DE54-48AD-830F-92F663347223}"
EndProject
Global
	GlobalSection(SolutionConfigurationPlatforms) = preSolution
		Debug|Any CPU = Debug|Any CPU
		Release|Any CPU = Release|Any CPU
	EndGlobalSection
	GlobalSection(ProjectConfigurationPlatforms) = postSolution
		{8FEF4BDE-DE54-48AD-830F-92F663347223}.Debug|Any CPU.ActiveCfg = Debug|Any CPU
		{8FEF4BDE-DE54-48AD-830F-92F663347223}.Debug|Any CPU.Build.0 = Debug|Any CPU
		{8FEF4BDE-DE54-48AD-830F-92F663347223}.Release|Any CPU.ActiveCfg = Release|Any CPU
		{8FEF4BDE-DE54-48AD-830F-92F663347223}.Release|Any CPU.Build.0 = Release|Any CPU
	EndGlobalSection
	GlobalSection(SolutionProperties) = preSolution
		HideSolutionNode = FALSE
	EndGlobalSection
	GlobalSection(ExtensibilityGlobals) = postSolution
		SolutionGuid = {F76A1D1B-D3DE-4970-85DA-2D443E1D9B7D}
	EndGlobalSection
EndGlobal
