
Microsoft Visual Studio Solution File, Format Version 12.00
# Visual Studio Version 17
VisualStudioVersion = 17.7.34031.279
MinimumVisualStudioVersion = 10.0.40219.1
Project("{FAE04EC0-301F-11D3-BF4B-00C04F79EFBC}") = "Prednaska.Studenti", "Prednaska.Studenti\Prednaska.Studenti.csproj", "{B55A9474-340E-4239-A0C1-E9F4EBB09EBC}"
EndProject
Project("{FAE04EC0-301F-11D3-BF4B-00C04F79EFBC}") = "PrednaskaStudenti.Tests", "PrednaskaStudenti.Tests\PrednaskaStudenti.Tests.csproj", "{3D25A017-01A3-4453-A127-849865AACC31}"
EndProject
Global
	GlobalSection(SolutionConfigurationPlatforms) = preSolution
		Debug|Any CPU = Debug|Any CPU
		Release|Any CPU = Release|Any CPU
	EndGlobalSection
	GlobalSection(ProjectConfigurationPlatforms) = postSolution
		{B55A9474-340E-4239-A0C1-E9F4EBB09EBC}.Debug|Any CPU.ActiveCfg = Debug|Any CPU
		{B55A9474-340E-4239-A0C1-E9F4EBB09EBC}.Debug|Any CPU.Build.0 = Debug|Any CPU
		{B55A9474-340E-4239-A0C1-E9F4EBB09EBC}.Release|Any CPU.ActiveCfg = Release|Any CPU
		{B55A9474-340E-4239-A0C1-E9F4EBB09EBC}.Release|Any CPU.Build.0 = Release|Any CPU
		{3D25A017-01A3-4453-A127-849865AACC31}.Debug|Any CPU.ActiveCfg = Debug|Any CPU
		{3D25A017-01A3-4453-A127-849865AACC31}.Debug|Any CPU.Build.0 = Debug|Any CPU
		{3D25A017-01A3-4453-A127-849865AACC31}.Release|Any CPU.ActiveCfg = Release|Any CPU
		{3D25A017-01A3-4453-A127-849865AACC31}.Release|Any CPU.Build.0 = Release|Any CPU
	EndGlobalSection
	GlobalSection(SolutionProperties) = preSolution
		HideSolutionNode = FALSE
	EndGlobalSection
	GlobalSection(ExtensibilityGlobals) = postSolution
		SolutionGuid = {D7DC5520-B1BF-4678-A11B-F23DFDA2ED55}
	EndGlobalSection
EndGlobal
