
Microsoft Visual Studio Solution File, Format Version 12.00
# Visual Studio Version 17
VisualStudioVersion = 17.13.35919.96
MinimumVisualStudioVersion = 10.0.40219.1
Project("{FAE04EC0-301F-11D3-BF4B-00C04F79EFBC}") = "Studenti.WebAPI", "Studenti.WebAPI\Studenti.WebAPI.csproj", "{7F938C9D-4B05-4143-98CC-CE5EE012F84D}"
EndProject
Project("{FAE04EC0-301F-11D3-BF4B-00C04F79EFBC}") = "Studenti.WebClient", "Studenti.WebClient\Studenti.WebClient.csproj", "{D3A65133-EEF7-40CD-B7DC-BC26378EF455}"
EndProject
Project("{FAE04EC0-301F-11D3-BF4B-00C04F79EFBC}") = "Studenti.AvaloniaClient", "Studenti.AvaloniaClient\Studenti.AvaloniaClient.csproj", "{49A8AC4B-E176-9818-10FA-71B93373254E}"
EndProject
Project("{FAE04EC0-301F-11D3-BF4B-00C04F79EFBC}") = "Studenti.AvaloniaClient.Desktop", "Studenti.AvaloniaClient.Desktop\Studenti.AvaloniaClient.Desktop.csproj", "{7C4FF156-9A94-EB70-933E-24D3D555245F}"
EndProject
Global
	GlobalSection(SolutionConfigurationPlatforms) = preSolution
		Debug|Any CPU = Debug|Any CPU
		Release|Any CPU = Release|Any CPU
	EndGlobalSection
	GlobalSection(ProjectConfigurationPlatforms) = postSolution
		{7F938C9D-4B05-4143-98CC-CE5EE012F84D}.Debug|Any CPU.ActiveCfg = Debug|Any CPU
		{7F938C9D-4B05-4143-98CC-CE5EE012F84D}.Debug|Any CPU.Build.0 = Debug|Any CPU
		{7F938C9D-4B05-4143-98CC-CE5EE012F84D}.Release|Any CPU.ActiveCfg = Release|Any CPU
		{7F938C9D-4B05-4143-98CC-CE5EE012F84D}.Release|Any CPU.Build.0 = Release|Any CPU
		{D3A65133-EEF7-40CD-B7DC-BC26378EF455}.Debug|Any CPU.ActiveCfg = Debug|Any CPU
		{D3A65133-EEF7-40CD-B7DC-BC26378EF455}.Debug|Any CPU.Build.0 = Debug|Any CPU
		{D3A65133-EEF7-40CD-B7DC-BC26378EF455}.Release|Any CPU.ActiveCfg = Release|Any CPU
		{D3A65133-EEF7-40CD-B7DC-BC26378EF455}.Release|Any CPU.Build.0 = Release|Any CPU
		{49A8AC4B-E176-9818-10FA-71B93373254E}.Debug|Any CPU.ActiveCfg = Debug|Any CPU
		{49A8AC4B-E176-9818-10FA-71B93373254E}.Debug|Any CPU.Build.0 = Debug|Any CPU
		{49A8AC4B-E176-9818-10FA-71B93373254E}.Release|Any CPU.ActiveCfg = Release|Any CPU
		{49A8AC4B-E176-9818-10FA-71B93373254E}.Release|Any CPU.Build.0 = Release|Any CPU
		{7C4FF156-9A94-EB70-933E-24D3D555245F}.Debug|Any CPU.ActiveCfg = Debug|Any CPU
		{7C4FF156-9A94-EB70-933E-24D3D555245F}.Debug|Any CPU.Build.0 = Debug|Any CPU
		{7C4FF156-9A94-EB70-933E-24D3D555245F}.Release|Any CPU.ActiveCfg = Release|Any CPU
		{7C4FF156-9A94-EB70-933E-24D3D555245F}.Release|Any CPU.Build.0 = Release|Any CPU
	EndGlobalSection
	GlobalSection(SolutionProperties) = preSolution
		HideSolutionNode = FALSE
	EndGlobalSection
	GlobalSection(ExtensibilityGlobals) = postSolution
		SolutionGuid = {32A061FF-8762-4327-9C70-1FB7D4D95DBA}
	EndGlobalSection
EndGlobal
