
Microsoft Visual Studio Solution File, Format Version 12.00
# Visual Studio Version 17
VisualStudioVersion = 17.7.34221.43
MinimumVisualStudioVersion = 10.0.40219.1
Project("{8BC9CEB8-8B4A-11D0-8D11-00A0C91BC942}") = "PrednaskaDedicnost", "PrednaskaDedicnost\PrednaskaDedicnost.vcxproj", "{B3E6D2A3-3D1B-4236-88E5-4AAFD6641628}"
EndProject
Global
	GlobalSection(SolutionConfigurationPlatforms) = preSolution
		Debug|x64 = Debug|x64
		Debug|x86 = Debug|x86
		Release|x64 = Release|x64
		Release|x86 = Release|x86
	EndGlobalSection
	GlobalSection(ProjectConfigurationPlatforms) = postSolution
		{B3E6D2A3-3D1B-4236-88E5-4AAFD6641628}.Debug|x64.ActiveCfg = Debug|x64
		{B3E6D2A3-3D1B-4236-88E5-4AAFD6641628}.Debug|x64.Build.0 = Debug|x64
		{B3E6D2A3-3D1B-4236-88E5-4AAFD6641628}.Debug|x86.ActiveCfg = Debug|Win32
		{B3E6D2A3-3D1B-4236-88E5-4AAFD6641628}.Debug|x86.Build.0 = Debug|Win32
		{B3E6D2A3-3D1B-4236-88E5-4AAFD6641628}.Release|x64.ActiveCfg = Release|x64
		{B3E6D2A3-3D1B-4236-88E5-4AAFD6641628}.Release|x64.Build.0 = Release|x64
		{B3E6D2A3-3D1B-4236-88E5-4AAFD6641628}.Release|x86.ActiveCfg = Release|Win32
		{B3E6D2A3-3D1B-4236-88E5-4AAFD6641628}.Release|x86.Build.0 = Release|Win32
	EndGlobalSection
	GlobalSection(SolutionProperties) = preSolution
		HideSolutionNode = FALSE
	EndGlobalSection
	GlobalSection(ExtensibilityGlobals) = postSolution
		SolutionGuid = {C4FBE2A3-EB2B-499D-A10B-4FCF9B7F193F}
	EndGlobalSection
EndGlobal
