Microsoft Visual Studio Solution File, Format Version 12.00
# Visual Studio Version 17
VisualStudioVersion = 17.13.35806.99 d17.13
MinimumVisualStudioVersion = 10.0.40219.1
Project("{FAE04EC0-301F-11D3-BF4B-00C04F79EFBC}") = "AspireApp1.AppHost", "AspireApp1.AppHost\AspireApp1.AppHost.csproj", "{9967C2A1-35BB-4BDD-9BEA-CF543ECEA7C4}"
EndProject
Project("{FAE04EC0-301F-11D3-BF4B-00C04F79EFBC}") = "AspireApp1.ServiceDefaults", "AspireApp1.ServiceDefaults\AspireApp1.ServiceDefaults.csproj", "{53D24348-B1DC-95A1-1953-B48BBD597BDB}"
EndProject
Project("{FAE04EC0-301F-11D3-BF4B-00C04F79EFBC}") = "AspireApp1.ApiService", "AspireApp1.ApiService\AspireApp1.ApiService.csproj", "{2047DFA8-A1E7-E01D-D2A2-7F4257468FF0}"
EndProject
Project("{FAE04EC0-301F-11D3-BF4B-00C04F79EFBC}") = "AspireApp1.Web", "AspireApp1.Web\AspireApp1.Web.csproj", "{47748777-477E-4F3C-F7DC-60AD998A5426}"
EndProject
Project("{FAE04EC0-301F-11D3-BF4B-00C04F79EFBC}") = "AspireApp1.Tests", "AspireApp1.Tests\AspireApp1.Tests.csproj", "{19FA03DF-AB14-2919-E314-109F5A08035A}"
EndProject
Global
	GlobalSection(SolutionConfigurationPlatforms) = preSolution
		Debug|Any CPU = Debug|Any CPU
		Release|Any CPU = Release|Any CPU
	EndGlobalSection
	GlobalSection(ProjectConfigurationPlatforms) = postSolution
		{9967C2A1-35BB-4BDD-9BEA-CF543ECEA7C4}.Debug|Any CPU.ActiveCfg = Debug|Any CPU
		{9967C2A1-35BB-4BDD-9BEA-CF543ECEA7C4}.Debug|Any CPU.Build.0 = Debug|Any CPU
		{9967C2A1-35BB-4BDD-9BEA-CF543ECEA7C4}.Release|Any CPU.ActiveCfg = Release|Any CPU
		{9967C2A1-35BB-4BDD-9BEA-CF543ECEA7C4}.Release|Any CPU.Build.0 = Release|Any CPU
		{53D24348-B1DC-95A1-1953-B48BBD597BDB}.Debug|Any CPU.ActiveCfg = Debug|Any CPU
		{53D24348-B1DC-95A1-1953-B48BBD597BDB}.Debug|Any CPU.Build.0 = Debug|Any CPU
		{53D24348-B1DC-95A1-1953-B48BBD597BDB}.Release|Any CPU.ActiveCfg = Release|Any CPU
		{53D24348-B1DC-95A1-1953-B48BBD597BDB}.Release|Any CPU.Build.0 = Release|Any CPU
		{2047DFA8-A1E7-E01D-D2A2-7F4257468FF0}.Debug|Any CPU.ActiveCfg = Debug|Any CPU
		{2047DFA8-A1E7-E01D-D2A2-7F4257468FF0}.Debug|Any CPU.Build.0 = Debug|Any CPU
		{2047DFA8-A1E7-E01D-D2A2-7F4257468FF0}.Release|Any CPU.ActiveCfg = Release|Any CPU
		{2047DFA8-A1E7-E01D-D2A2-7F4257468FF0}.Release|Any CPU.Build.0 = Release|Any CPU
		{47748777-477E-4F3C-F7DC-60AD998A5426}.Debug|Any CPU.ActiveCfg = Debug|Any CPU
		{47748777-477E-4F3C-F7DC-60AD998A5426}.Debug|Any CPU.Build.0 = Debug|Any CPU
		{47748777-477E-4F3C-F7DC-60AD998A5426}.Release|Any CPU.ActiveCfg = Release|Any CPU
		{47748777-477E-4F3C-F7DC-60AD998A5426}.Release|Any CPU.Build.0 = Release|Any CPU
		{19FA03DF-AB14-2919-E314-109F5A08035A}.Debug|Any CPU.ActiveCfg = Debug|Any CPU
		{19FA03DF-AB14-2919-E314-109F5A08035A}.Debug|Any CPU.Build.0 = Debug|Any CPU
		{19FA03DF-AB14-2919-E314-109F5A08035A}.Release|Any CPU.ActiveCfg = Release|Any CPU
		{19FA03DF-AB14-2919-E314-109F5A08035A}.Release|Any CPU.Build.0 = Release|Any CPU
	EndGlobalSection
	GlobalSection(SolutionProperties) = preSolution
		HideSolutionNode = FALSE
	EndGlobalSection
	GlobalSection(ExtensibilityGlobals) = postSolution
		SolutionGuid = {CAA7727D-4976-45CD-805C-32D513C924A7}
	EndGlobalSection
EndGlobal
