
Microsoft Visual Studio Solution File, Format Version 12.00
# Visual Studio Version 17
VisualStudioVersion = 17.14.36518.9 d17.14
MinimumVisualStudioVersion = 10.0.40219.1
Project("{FAE04EC0-301F-11D3-BF4B-00C04F79EFBC}") = "ConsoleApp3", "ConsoleApp3\ConsoleApp3.csproj", "{1AE7B81E-1620-43CD-A791-E986DADCC8B5}"
EndProject
Global
	GlobalSection(SolutionConfigurationPlatforms) = preSolution
		Debug|Any CPU = Debug|Any CPU
		Release|Any CPU = Release|Any CPU
	EndGlobalSection
	GlobalSection(ProjectConfigurationPlatforms) = postSolution
		{1AE7B81E-1620-43CD-A791-E986DADCC8B5}.Debug|Any CPU.ActiveCfg = Debug|Any CPU
		{1AE7B81E-1620-43CD-A791-E986DADCC8B5}.Debug|Any CPU.Build.0 = Debug|Any CPU
		{1AE7B81E-1620-43CD-A791-E986DADCC8B5}.Release|Any CPU.ActiveCfg = Release|Any CPU
		{1AE7B81E-1620-43CD-A791-E986DADCC8B5}.Release|Any CPU.Build.0 = Release|Any CPU
	EndGlobalSection
	GlobalSection(SolutionProperties) = preSolution
		HideSolutionNode = FALSE
	EndGlobalSection
	GlobalSection(ExtensibilityGlobals) = postSolution
		SolutionGuid = {36D0DDBE-B56D-46C9-AAF2-35C4369F57BF}
	EndGlobalSection
EndGlobal
