
Microsoft Visual Studio Solution File, Format Version 12.00
# Visual Studio Version 17
VisualStudioVersion = 17.13.35806.99
MinimumVisualStudioVersion = 10.0.40219.1
Project("{FAE04EC0-301F-11D3-BF4B-00C04F79EFBC}") = "Students.WebAPI", "Students.WebAPI\Students.WebAPI.csproj", "{09A76682-0A4A-4461-95C1-630FF3121CC5}"
EndProject
Project("{FAE04EC0-301F-11D3-BF4B-00C04F79EFBC}") = "ConsoleClient", "ConsoleClient\ConsoleClient.csproj", "{43DD3393-0794-4992-B8A6-0505C92FCA7C}"
EndProject
Project("{FAE04EC0-301F-11D3-BF4B-00C04F79EFBC}") = "Students.BlazorApp", "Students.BlazorApp\Students.BlazorApp.csproj", "{434A518F-513E-441C-A22F-B3383E14D068}"
EndProject
Project("{FAE04EC0-301F-11D3-BF4B-00C04F79EFBC}") = "Students.AvaloniaApp", "Students.AvaloniaApp\Students.AvaloniaApp.csproj", "{A24F7943-06B4-5FC9-B850-BB080768CB41}"
EndProject
Project("{FAE04EC0-301F-11D3-BF4B-00C04F79EFBC}") = "Students.AvaloniaApp.Desktop", "Students.AvaloniaApp.Desktop\Students.AvaloniaApp.Desktop.csproj", "{CEDF542A-A759-CBEF-2E69-23CBF676C3C6}"
EndProject
Project("{FAE04EC0-301F-11D3-BF4B-00C04F79EFBC}") = "Students.Tests", "Students.Tests\Students.Tests.csproj", "{316950B2-CED2-4EF6-85DA-E2CC0E379A57}"
EndProject
Global
	GlobalSection(SolutionConfigurationPlatforms) = preSolution
		Debug|Any CPU = Debug|Any CPU
		Release|Any CPU = Release|Any CPU
	EndGlobalSection
	GlobalSection(ProjectConfigurationPlatforms) = postSolution
		{09A76682-0A4A-4461-95C1-630FF3121CC5}.Debug|Any CPU.ActiveCfg = Debug|Any CPU
		{09A76682-0A4A-4461-95C1-630FF3121CC5}.Debug|Any CPU.Build.0 = Debug|Any CPU
		{09A76682-0A4A-4461-95C1-630FF3121CC5}.Release|Any CPU.ActiveCfg = Release|Any CPU
		{09A76682-0A4A-4461-95C1-630FF3121CC5}.Release|Any CPU.Build.0 = Release|Any CPU
		{43DD3393-0794-4992-B8A6-0505C92FCA7C}.Debug|Any CPU.ActiveCfg = Debug|Any CPU
		{43DD3393-0794-4992-B8A6-0505C92FCA7C}.Debug|Any CPU.Build.0 = Debug|Any CPU
		{43DD3393-0794-4992-B8A6-0505C92FCA7C}.Release|Any CPU.ActiveCfg = Release|Any CPU
		{43DD3393-0794-4992-B8A6-0505C92FCA7C}.Release|Any CPU.Build.0 = Release|Any CPU
		{434A518F-513E-441C-A22F-B3383E14D068}.Debug|Any CPU.ActiveCfg = Debug|Any CPU
		{434A518F-513E-441C-A22F-B3383E14D068}.Debug|Any CPU.Build.0 = Debug|Any CPU
		{434A518F-513E-441C-A22F-B3383E14D068}.Release|Any CPU.ActiveCfg = Release|Any CPU
		{434A518F-513E-441C-A22F-B3383E14D068}.Release|Any CPU.Build.0 = Release|Any CPU
		{A24F7943-06B4-5FC9-B850-BB080768CB41}.Debug|Any CPU.ActiveCfg = Debug|Any CPU
		{A24F7943-06B4-5FC9-B850-BB080768CB41}.Debug|Any CPU.Build.0 = Debug|Any CPU
		{A24F7943-06B4-5FC9-B850-BB080768CB41}.Release|Any CPU.ActiveCfg = Release|Any CPU
		{A24F7943-06B4-5FC9-B850-BB080768CB41}.Release|Any CPU.Build.0 = Release|Any CPU
		{CEDF542A-A759-CBEF-2E69-23CBF676C3C6}.Debug|Any CPU.ActiveCfg = Debug|Any CPU
		{CEDF542A-A759-CBEF-2E69-23CBF676C3C6}.Debug|Any CPU.Build.0 = Debug|Any CPU
		{CEDF542A-A759-CBEF-2E69-23CBF676C3C6}.Release|Any CPU.ActiveCfg = Release|Any CPU
		{CEDF542A-A759-CBEF-2E69-23CBF676C3C6}.Release|Any CPU.Build.0 = Release|Any CPU
		{316950B2-CED2-4EF6-85DA-E2CC0E379A57}.Debug|Any CPU.ActiveCfg = Debug|Any CPU
		{316950B2-CED2-4EF6-85DA-E2CC0E379A57}.Debug|Any CPU.Build.0 = Debug|Any CPU
		{316950B2-CED2-4EF6-85DA-E2CC0E379A57}.Release|Any CPU.ActiveCfg = Release|Any CPU
		{316950B2-CED2-4EF6-85DA-E2CC0E379A57}.Release|Any CPU.Build.0 = Release|Any CPU
	EndGlobalSection
	GlobalSection(SolutionProperties) = preSolution
		HideSolutionNode = FALSE
	EndGlobalSection
	GlobalSection(ExtensibilityGlobals) = postSolution
		SolutionGuid = {289D6D69-87EB-4880-B593-46B110B7741E}
	EndGlobalSection
EndGlobal
