
Microsoft Visual Studio Solution File, Format Version 12.00
# Visual Studio Version 17
VisualStudioVersion = 17.14.36414.22 d17.14
MinimumVisualStudioVersion = 10.0.40219.1
Project("{FAE04EC0-301F-11D3-BF4B-00C04F79EFBC}") = "BlazorAppBmi", "BlazorAppBmi\BlazorAppBmi.csproj", "{3594261F-C034-44B5-8FDC-BDA1499534A8}"
EndProject
Global
	GlobalSection(SolutionConfigurationPlatforms) = preSolution
		Debug|Any CPU = Debug|Any CPU
		Release|Any CPU = Release|Any CPU
	EndGlobalSection
	GlobalSection(ProjectConfigurationPlatforms) = postSolution
		{3594261F-C034-44B5-8FDC-BDA1499534A8}.Debug|Any CPU.ActiveCfg = Debug|Any CPU
		{3594261F-C034-44B5-8FDC-BDA1499534A8}.Debug|Any CPU.Build.0 = Debug|Any CPU
		{3594261F-C034-44B5-8FDC-BDA1499534A8}.Release|Any CPU.ActiveCfg = Release|Any CPU
		{3594261F-C034-44B5-8FDC-BDA1499534A8}.Release|Any CPU.Build.0 = Release|Any CPU
	EndGlobalSection
	GlobalSection(SolutionProperties) = preSolution
		HideSolutionNode = FALSE
	EndGlobalSection
	GlobalSection(ExtensibilityGlobals) = postSolution
		SolutionGuid = {C70DF33C-BF6E-4C6D-B634-57F4725C63DB}
	EndGlobalSection
EndGlobal
