
Microsoft Visual Studio Solution File, Format Version 12.00
# Visual Studio Version 17
VisualStudioVersion = 17.7.34031.279
MinimumVisualStudioVersion = 10.0.40219.1
Project("{FAE04EC0-301F-11D3-BF4B-00C04F79EFBC}") = "Utb.Pizzerie.Models", "Utb.Pizzerie.Models\Utb.Pizzerie.Models.csproj", "{9B449EBA-BC28-419C-A021-D22EB265CB06}"
EndProject
Project("{FAE04EC0-301F-11D3-BF4B-00C04F79EFBC}") = "Utb.Pizzerie.Tests", "Utb.Pizzerie.Tests\Utb.Pizzerie.Tests.csproj", "{73BE6911-76E8-40C6-8B15-012A90EC6774}"
EndProject
Project("{FAE04EC0-301F-11D3-BF4B-00C04F79EFBC}") = "Utb.Pizzerie.WebApi", "Utb.Pizzerie.WebApi\Utb.Pizzerie.WebApi.csproj", "{EF205DB2-A1C3-48E8-8C42-24C1C39009FA}"
EndProject
Global
	GlobalSection(SolutionConfigurationPlatforms) = preSolution
		Debug|Any CPU = Debug|Any CPU
		Release|Any CPU = Release|Any CPU
	EndGlobalSection
	GlobalSection(ProjectConfigurationPlatforms) = postSolution
		{9B449EBA-BC28-419C-A021-D22EB265CB06}.Debug|Any CPU.ActiveCfg = Debug|Any CPU
		{9B449EBA-BC28-419C-A021-D22EB265CB06}.Debug|Any CPU.Build.0 = Debug|Any CPU
		{9B449EBA-BC28-419C-A021-D22EB265CB06}.Release|Any CPU.ActiveCfg = Release|Any CPU
		{9B449EBA-BC28-419C-A021-D22EB265CB06}.Release|Any CPU.Build.0 = Release|Any CPU
		{73BE6911-76E8-40C6-8B15-012A90EC6774}.Debug|Any CPU.ActiveCfg = Debug|Any CPU
		{73BE6911-76E8-40C6-8B15-012A90EC6774}.Debug|Any CPU.Build.0 = Debug|Any CPU
		{73BE6911-76E8-40C6-8B15-012A90EC6774}.Release|Any CPU.ActiveCfg = Release|Any CPU
		{73BE6911-76E8-40C6-8B15-012A90EC6774}.Release|Any CPU.Build.0 = Release|Any CPU
		{EF205DB2-A1C3-48E8-8C42-24C1C39009FA}.Debug|Any CPU.ActiveCfg = Debug|Any CPU
		{EF205DB2-A1C3-48E8-8C42-24C1C39009FA}.Debug|Any CPU.Build.0 = Debug|Any CPU
		{EF205DB2-A1C3-48E8-8C42-24C1C39009FA}.Release|Any CPU.ActiveCfg = Release|Any CPU
		{EF205DB2-A1C3-48E8-8C42-24C1C39009FA}.Release|Any CPU.Build.0 = Release|Any CPU
	EndGlobalSection
	GlobalSection(SolutionProperties) = preSolution
		HideSolutionNode = FALSE
	EndGlobalSection
	GlobalSection(ExtensibilityGlobals) = postSolution
		SolutionGuid = {95742DA7-4BA8-4E2D-99FF-BC8A68026EDF}
	EndGlobalSection
EndGlobal
