
Microsoft Visual Studio Solution File, Format Version 12.00
# Visual Studio Version 17
VisualStudioVersion = 17.14.36518.9
MinimumVisualStudioVersion = 10.0.40219.1
Project("{FAE04EC0-301F-11D3-BF4B-00C04F79EFBC}") = "BlazorAppRazeni", "BlazorAppRazeni\BlazorAppRazeni.csproj", "{429A9148-A964-4BD2-8D43-F705C9544402}"
EndProject
Global
	GlobalSection(SolutionConfigurationPlatforms) = preSolution
		Debug|Any CPU = Debug|Any CPU
		Release|Any CPU = Release|Any CPU
	EndGlobalSection
	GlobalSection(ProjectConfigurationPlatforms) = postSolution
		{429A9148-A964-4BD2-8D43-F705C9544402}.Debug|Any CPU.ActiveCfg = Debug|Any CPU
		{429A9148-A964-4BD2-8D43-F705C9544402}.Debug|Any CPU.Build.0 = Debug|Any CPU
		{429A9148-A964-4BD2-8D43-F705C9544402}.Release|Any CPU.ActiveCfg = Release|Any CPU
		{429A9148-A964-4BD2-8D43-F705C9544402}.Release|Any CPU.Build.0 = Release|Any CPU
	EndGlobalSection
	GlobalSection(SolutionProperties) = preSolution
		HideSolutionNode = FALSE
	EndGlobalSection
	GlobalSection(ExtensibilityGlobals) = postSolution
		SolutionGuid = {F5245971-776B-4F26-99E1-0F5E7C3FDBB1}
	EndGlobalSection
EndGlobal
