
Microsoft Visual Studio Solution File, Format Version 12.00
# Visual Studio Version 17
VisualStudioVersion = 17.7.34031.279
MinimumVisualStudioVersion = 10.0.40219.1
Project("{FAE04EC0-301F-11D3-BF4B-00C04F79EFBC}") = "AvaloniaAplikace", "AvaloniaAplikace\AvaloniaAplikace.csproj", "{DA701B6B-637A-40BA-BCA9-F300E9F68230}"
EndProject
Global
	GlobalSection(SolutionConfigurationPlatforms) = preSolution
		Debug|Any CPU = Debug|Any CPU
		Release|Any CPU = Release|Any CPU
	EndGlobalSection
	GlobalSection(ProjectConfigurationPlatforms) = postSolution
		{DA701B6B-637A-40BA-BCA9-F300E9F68230}.Debug|Any CPU.ActiveCfg = Debug|Any CPU
		{DA701B6B-637A-40BA-BCA9-F300E9F68230}.Debug|Any CPU.Build.0 = Debug|Any CPU
		{DA701B6B-637A-40BA-BCA9-F300E9F68230}.Release|Any CPU.ActiveCfg = Release|Any CPU
		{DA701B6B-637A-40BA-BCA9-F300E9F68230}.Release|Any CPU.Build.0 = Release|Any CPU
	EndGlobalSection
	GlobalSection(SolutionProperties) = preSolution
		HideSolutionNode = FALSE
	EndGlobalSection
	GlobalSection(ExtensibilityGlobals) = postSolution
		SolutionGuid = {F88D8D17-D9CF-4D9D-BC92-2A65171337F6}
	EndGlobalSection
EndGlobal
