
Microsoft Visual Studio Solution File, Format Version 12.00
# Visual Studio Version 17
VisualStudioVersion = 17.13.35825.156
MinimumVisualStudioVersion = 10.0.40219.1
Project("{FAE04EC0-301F-11D3-BF4B-00C04F79EFBC}") = "Blazor", "Blazor\Blazor.csproj", "{C42DD59D-3605-43C5-A62B-384A375A3F20}"
EndProject
Project("{FAE04EC0-301F-11D3-BF4B-00C04F79EFBC}") = "Server", "Server\Server.csproj", "{1C30735A-DF25-49F8-AF17-F48C3BFBF140}"
EndProject
Global
	GlobalSection(SolutionConfigurationPlatforms) = preSolution
		Debug|Any CPU = Debug|Any CPU
		Release|Any CPU = Release|Any CPU
	EndGlobalSection
	GlobalSection(ProjectConfigurationPlatforms) = postSolution
		{C42DD59D-3605-43C5-A62B-384A375A3F20}.Debug|Any CPU.ActiveCfg = Debug|Any CPU
		{C42DD59D-3605-43C5-A62B-384A375A3F20}.Debug|Any CPU.Build.0 = Debug|Any CPU
		{C42DD59D-3605-43C5-A62B-384A375A3F20}.Release|Any CPU.ActiveCfg = Release|Any CPU
		{C42DD59D-3605-43C5-A62B-384A375A3F20}.Release|Any CPU.Build.0 = Release|Any CPU
		{1C30735A-DF25-49F8-AF17-F48C3BFBF140}.Debug|Any CPU.ActiveCfg = Debug|Any CPU
		{1C30735A-DF25-49F8-AF17-F48C3BFBF140}.Debug|Any CPU.Build.0 = Debug|Any CPU
		{1C30735A-DF25-49F8-AF17-F48C3BFBF140}.Release|Any CPU.ActiveCfg = Release|Any CPU
		{1C30735A-DF25-49F8-AF17-F48C3BFBF140}.Release|Any CPU.Build.0 = Release|Any CPU
	EndGlobalSection
	GlobalSection(SolutionProperties) = preSolution
		HideSolutionNode = FALSE
	EndGlobalSection
	GlobalSection(ExtensibilityGlobals) = postSolution
		SolutionGuid = {DA64085E-AD34-4DF1-9754-CE2D8A03EC2F}
	EndGlobalSection
EndGlobal
